
Microsoft Visual Studio Solution File, Format Version 12.00
# Visual Studio Version 17
VisualStudioVersion = 17.7.34024.191
MinimumVisualStudioVersion = 10.0.40219.1
Project("{FAE04EC0-301F-11D3-BF4B-00C04F79EFBC}") = "CarRent", "CarRent\CarRent.csproj", "{94DE52F1-DA74-4E87-824F-16228943F322}"
EndProject
Project("{FAE04EC0-301F-11D3-BF4B-00C04F79EFBC}") = "CarRentUnitTests", "CarRentUnitTests\CarRentUnitTests.csproj", "{F6434685-0F51-4D47-A668-4099AF33318A}"
EndProject
Global
	GlobalSection(SolutionConfigurationPlatforms) = preSolution
		Debug|Any CPU = Debug|Any CPU
		Release|Any CPU = Release|Any CPU
	EndGlobalSection
	GlobalSection(ProjectConfigurationPlatforms) = postSolution
		{94DE52F1-DA74-4E87-824F-16228943F322}.Debug|Any CPU.ActiveCfg = Debug|Any CPU
		{94DE52F1-DA74-4E87-824F-16228943F322}.Debug|Any CPU.Build.0 = Debug|Any CPU
		{94DE52F1-DA74-4E87-824F-16228943F322}.Release|Any CPU.ActiveCfg = Release|Any CPU
		{94DE52F1-DA74-4E87-824F-16228943F322}.Release|Any CPU.Build.0 = Release|Any CPU
		{F6434685-0F51-4D47-A668-4099AF33318A}.Debug|Any CPU.ActiveCfg = Debug|Any CPU
		{F6434685-0F51-4D47-A668-4099AF33318A}.Debug|Any CPU.Build.0 = Debug|Any CPU
		{F6434685-0F51-4D47-A668-4099AF33318A}.Release|Any CPU.ActiveCfg = Release|Any CPU
		{F6434685-0F51-4D47-A668-4099AF33318A}.Release|Any CPU.Build.0 = Release|Any CPU
	EndGlobalSection
	GlobalSection(SolutionProperties) = preSolution
		HideSolutionNode = FALSE
	EndGlobalSection
	GlobalSection(ExtensibilityGlobals) = postSolution
		SolutionGuid = {39628760-AC59-478F-8DF5-97BA90BFEE07}
	EndGlobalSection
EndGlobal
